
Microsoft Visual Studio Solution File, Format Version 12.00
# Visual Studio Version 16
VisualStudioVersion = 16.0.31410.357
MinimumVisualStudioVersion = 10.0.40219.1
Project("{9A19103F-16F7-4668-BE54-9A1E7A4F7556}") = "System.Data.NDabber", "System.Data.NDabber.csproj", "{D49FE797-FF05-4147-B130-976B0355E895}"
EndProject
Global
	GlobalSection(SolutionConfigurationPlatforms) = preSolution
		Debug|Any CPU = Debug|Any CPU
		Release|Any CPU = Release|Any CPU
	EndGlobalSection
	GlobalSection(ProjectConfigurationPlatforms) = postSolution
		{D49FE797-FF05-4147-B130-976B0355E895}.Debug|Any CPU.ActiveCfg = Debug|Any CPU
		{D49FE797-FF05-4147-B130-976B0355E895}.Debug|Any CPU.Build.0 = Debug|Any CPU
		{D49FE797-FF05-4147-B130-976B0355E895}.Release|Any CPU.ActiveCfg = Release|Any CPU
		{D49FE797-FF05-4147-B130-976B0355E895}.Release|Any CPU.Build.0 = Release|Any CPU
	EndGlobalSection
	GlobalSection(SolutionProperties) = preSolution
		HideSolutionNode = FALSE
	EndGlobalSection
	GlobalSection(ExtensibilityGlobals) = postSolution
		SolutionGuid = {51A293E8-9E8F-436D-8E20-5723F2751256}
	EndGlobalSection
EndGlobal
